
Microsoft Visual Studio Solution File, Format Version 12.00
# Visual Studio Version 16
VisualStudioVersion = 16.0.30309.148
MinimumVisualStudioVersion = 10.0.40219.1
Project("{9A19103F-16F7-4668-BE54-9A1E7A4F7556}") = "CensusAnalyser", "CensusAnalyser\CensusAnalyser.csproj", "{AA708FB7-F4C6-4E3B-B07C-FBD1539FF1B2}"
EndProject
Project("{9A19103F-16F7-4668-BE54-9A1E7A4F7556}") = "CSVAnalyserTest", "CSVAnalyserTest\CSVAnalyserTest.csproj", "{235543C5-5B52-4255-B00C-BCCADA74D66D}"
EndProject
Global
	GlobalSection(SolutionConfigurationPlatforms) = preSolution
		Debug|Any CPU = Debug|Any CPU
		Release|Any CPU = Release|Any CPU
	EndGlobalSection
	GlobalSection(ProjectConfigurationPlatforms) = postSolution
		{AA708FB7-F4C6-4E3B-B07C-FBD1539FF1B2}.Debug|Any CPU.ActiveCfg = Debug|Any CPU
		{AA708FB7-F4C6-4E3B-B07C-FBD1539FF1B2}.Debug|Any CPU.Build.0 = Debug|Any CPU
		{AA708FB7-F4C6-4E3B-B07C-FBD1539FF1B2}.Release|Any CPU.ActiveCfg = Release|Any CPU
		{AA708FB7-F4C6-4E3B-B07C-FBD1539FF1B2}.Release|Any CPU.Build.0 = Release|Any CPU
		{235543C5-5B52-4255-B00C-BCCADA74D66D}.Debug|Any CPU.ActiveCfg = Debug|Any CPU
		{235543C5-5B52-4255-B00C-BCCADA74D66D}.Debug|Any CPU.Build.0 = Debug|Any CPU
		{235543C5-5B52-4255-B00C-BCCADA74D66D}.Release|Any CPU.ActiveCfg = Release|Any CPU
		{235543C5-5B52-4255-B00C-BCCADA74D66D}.Release|Any CPU.Build.0 = Release|Any CPU
	EndGlobalSection
	GlobalSection(SolutionProperties) = preSolution
		HideSolutionNode = FALSE
	EndGlobalSection
	GlobalSection(ExtensibilityGlobals) = postSolution
		SolutionGuid = {CC8B233F-BD36-4BD3-9829-9C5F7E206E33}
	EndGlobalSection
EndGlobal
